
Microsoft Visual Studio Solution File, Format Version 12.00
# Visual Studio Version 16
VisualStudioVersion = 16.0.32413.511
MinimumVisualStudioVersion = 10.0.40219.1
Project("{FAE04EC0-301F-11D3-BF4B-00C04F79EFBC}") = "new_Isrpo1", "new_Isrpo1\new_Isrpo1.csproj", "{7AD3961E-F7A1-4672-AD7D-FF53B02F0319}"
EndProject
Global
	GlobalSection(SolutionConfigurationPlatforms) = preSolution
		Debug|Any CPU = Debug|Any CPU
		Release|Any CPU = Release|Any CPU
	EndGlobalSection
	GlobalSection(ProjectConfigurationPlatforms) = postSolution
		{7AD3961E-F7A1-4672-AD7D-FF53B02F0319}.Debug|Any CPU.ActiveCfg = Debug|Any CPU
		{7AD3961E-F7A1-4672-AD7D-FF53B02F0319}.Debug|Any CPU.Build.0 = Debug|Any CPU
		{7AD3961E-F7A1-4672-AD7D-FF53B02F0319}.Release|Any CPU.ActiveCfg = Release|Any CPU
		{7AD3961E-F7A1-4672-AD7D-FF53B02F0319}.Release|Any CPU.Build.0 = Release|Any CPU
	EndGlobalSection
	GlobalSection(SolutionProperties) = preSolution
		HideSolutionNode = FALSE
	EndGlobalSection
	GlobalSection(ExtensibilityGlobals) = postSolution
		SolutionGuid = {3BF9644B-19FE-43CB-9454-0CA06A773108}
	EndGlobalSection
EndGlobal
